
Microsoft Visual Studio Solution File, Format Version 12.00
# Visual Studio Version 17
VisualStudioVersion = 17.14.36705.20 d17.14
MinimumVisualStudioVersion = 10.0.40219.1
Project("{8BC9CEB8-8B4A-11D0-8D11-00A0C91BC942}") = "Lab9_Client", "Lab9_Client\Lab9_Client.vcxproj", "{A664FEA5-A342-4B9D-B6C4-E6B856DDCEAC}"
EndProject
Global
	GlobalSection(SolutionConfigurationPlatforms) = preSolution
		Debug|x64 = Debug|x64
		Release|x64 = Release|x64
	EndGlobalSection
	GlobalSection(ProjectConfigurationPlatforms) = postSolution
		{A664FEA5-A342-4B9D-B6C4-E6B856DDCEAC}.Debug|x64.ActiveCfg = Debug|x64
		{A664FEA5-A342-4B9D-B6C4-E6B856DDCEAC}.Debug|x64.Build.0 = Debug|x64
		{A664FEA5-A342-4B9D-B6C4-E6B856DDCEAC}.Release|x64.ActiveCfg = Release|x64
		{A664FEA5-A342-4B9D-B6C4-E6B856DDCEAC}.Release|x64.Build.0 = Release|x64
	EndGlobalSection
	GlobalSection(SolutionProperties) = preSolution
		HideSolutionNode = FALSE
	EndGlobalSection
	GlobalSection(ExtensibilityGlobals) = postSolution
		SolutionGuid = {63197AEB-041C-4FB9-8182-04B97D3348B9}
	EndGlobalSection
EndGlobal
